
Microsoft Visual Studio Solution File, Format Version 12.00
Project("{FAE04EC0-301F-11D3-BF4B-00C04F79EFBC}") = "Mf.Core", "Mf.Core\Mf.Core.csproj", "{365652A1-EDFD-4102-B9FD-117EACFCCCC6}"
EndProject
Project("{FAE04EC0-301F-11D3-BF4B-00C04F79EFBC}") = "Mf.Entity", "Mf.Entity\Mf.Entity.csproj", "{BE3FD258-BC5E-45F5-831C-7EAFB37D398C}"
EndProject
Project("{FAE04EC0-301F-11D3-BF4B-00C04F79EFBC}") = "Mf.Ef", "Mf.Ef\Mf.Ef.csproj", "{9D5D4C17-9C3E-4104-8A87-7AB660B71762}"
EndProject
Project("{2150E333-8FDC-42A3-9474-1A3956D46DE8}") = "Razors", "Razors", "{5493F5AB-AEC8-4D51-AC9E-513C1505D8A2}"
EndProject
Project("{2150E333-8FDC-42A3-9474-1A3956D46DE8}") = "Shared", "Shared", "{ED63E99B-0EF8-4CEB-B4B5-BE795DE9FF78}"
EndProject
Project("{FAE04EC0-301F-11D3-BF4B-00C04F79EFBC}") = "Mf.Razor", "Mf.Razor\Mf.Razor.csproj", "{09763D74-4477-47A8-AE59-B9E90D9AD64F}"
EndProject
Project("{FAE04EC0-301F-11D3-BF4B-00C04F79EFBC}") = "Mf.Razor.Entity", "Mf.Razor.Entity\Mf.Razor.Entity.csproj", "{9FADD8A4-A17E-4F24-96D6-E58D66471324}"
EndProject
Global
	GlobalSection(SolutionConfigurationPlatforms) = preSolution
		Debug|Any CPU = Debug|Any CPU
		Release|Any CPU = Release|Any CPU
	EndGlobalSection
	GlobalSection(ProjectConfigurationPlatforms) = postSolution
		{365652A1-EDFD-4102-B9FD-117EACFCCCC6}.Debug|Any CPU.ActiveCfg = Debug|Any CPU
		{365652A1-EDFD-4102-B9FD-117EACFCCCC6}.Debug|Any CPU.Build.0 = Debug|Any CPU
		{365652A1-EDFD-4102-B9FD-117EACFCCCC6}.Release|Any CPU.ActiveCfg = Release|Any CPU
		{365652A1-EDFD-4102-B9FD-117EACFCCCC6}.Release|Any CPU.Build.0 = Release|Any CPU
		{BE3FD258-BC5E-45F5-831C-7EAFB37D398C}.Debug|Any CPU.ActiveCfg = Debug|Any CPU
		{BE3FD258-BC5E-45F5-831C-7EAFB37D398C}.Debug|Any CPU.Build.0 = Debug|Any CPU
		{BE3FD258-BC5E-45F5-831C-7EAFB37D398C}.Release|Any CPU.ActiveCfg = Release|Any CPU
		{BE3FD258-BC5E-45F5-831C-7EAFB37D398C}.Release|Any CPU.Build.0 = Release|Any CPU
		{9D5D4C17-9C3E-4104-8A87-7AB660B71762}.Debug|Any CPU.ActiveCfg = Debug|Any CPU
		{9D5D4C17-9C3E-4104-8A87-7AB660B71762}.Debug|Any CPU.Build.0 = Debug|Any CPU
		{9D5D4C17-9C3E-4104-8A87-7AB660B71762}.Release|Any CPU.ActiveCfg = Release|Any CPU
		{9D5D4C17-9C3E-4104-8A87-7AB660B71762}.Release|Any CPU.Build.0 = Release|Any CPU
		{09763D74-4477-47A8-AE59-B9E90D9AD64F}.Debug|Any CPU.ActiveCfg = Debug|Any CPU
		{09763D74-4477-47A8-AE59-B9E90D9AD64F}.Debug|Any CPU.Build.0 = Debug|Any CPU
		{09763D74-4477-47A8-AE59-B9E90D9AD64F}.Release|Any CPU.ActiveCfg = Release|Any CPU
		{09763D74-4477-47A8-AE59-B9E90D9AD64F}.Release|Any CPU.Build.0 = Release|Any CPU
		{9FADD8A4-A17E-4F24-96D6-E58D66471324}.Debug|Any CPU.ActiveCfg = Debug|Any CPU
		{9FADD8A4-A17E-4F24-96D6-E58D66471324}.Debug|Any CPU.Build.0 = Debug|Any CPU
		{9FADD8A4-A17E-4F24-96D6-E58D66471324}.Release|Any CPU.ActiveCfg = Release|Any CPU
		{9FADD8A4-A17E-4F24-96D6-E58D66471324}.Release|Any CPU.Build.0 = Release|Any CPU
	EndGlobalSection
	GlobalSection(NestedProjects) = preSolution
		{ED63E99B-0EF8-4CEB-B4B5-BE795DE9FF78} = {5493F5AB-AEC8-4D51-AC9E-513C1505D8A2}
		{09763D74-4477-47A8-AE59-B9E90D9AD64F} = {ED63E99B-0EF8-4CEB-B4B5-BE795DE9FF78}
		{9FADD8A4-A17E-4F24-96D6-E58D66471324} = {ED63E99B-0EF8-4CEB-B4B5-BE795DE9FF78}
	EndGlobalSection
EndGlobal
